Microsoft Visual Studio Solution File, Format Version 12.00
# Visual Studio 2012
Project("{FAE04EC0-301F-11D3-BF4B-00C04F79EFBC}") = "Dungeon Rpg", "Dungeon Rpg.csproj", "{E7B73716-B1FE-48FF-98FD-32B44DD80BCE}"
EndProject
Global
	GlobalSection(SolutionConfigurationPlatforms) = preSolution
	Debug|Any CPU = Debug|Any CPU
	ExportDebug|Any CPU = ExportDebug|Any CPU
	ExportRelease|Any CPU = ExportRelease|Any CPU
	EndGlobalSection
	GlobalSection(ProjectConfigurationPlatforms) = postSolution
		{E7B73716-B1FE-48FF-98FD-32B44DD80BCE}.Debug|Any CPU.ActiveCfg = Debug|Any CPU
		{E7B73716-B1FE-48FF-98FD-32B44DD80BCE}.Debug|Any CPU.Build.0 = Debug|Any CPU
		{E7B73716-B1FE-48FF-98FD-32B44DD80BCE}.ExportDebug|Any CPU.ActiveCfg = ExportDebug|Any CPU
		{E7B73716-B1FE-48FF-98FD-32B44DD80BCE}.ExportDebug|Any CPU.Build.0 = ExportDebug|Any CPU
		{E7B73716-B1FE-48FF-98FD-32B44DD80BCE}.ExportRelease|Any CPU.ActiveCfg = ExportRelease|Any CPU
		{E7B73716-B1FE-48FF-98FD-32B44DD80BCE}.ExportRelease|Any CPU.Build.0 = ExportRelease|Any CPU
	EndGlobalSection
EndGlobal
